
Microsoft Visual Studio Solution File, Format Version 12.00
# Visual Studio Version 16
VisualStudioVersion = 16.0.32630.194
MinimumVisualStudioVersion = 10.0.40219.1
Project("{FAE04EC0-301F-11D3-BF4B-00C04F79EFBC}") = "C-Sharp-Operators-Patika.dev", "C-Sharp-Operators-Patika.dev\C-Sharp-Operators-Patika.dev.csproj", "{CA0C2159-472A-45A0-B110-36F5C3F57A7B}"
EndProject
Global
	GlobalSection(SolutionConfigurationPlatforms) = preSolution
		Debug|Any CPU = Debug|Any CPU
		Release|Any CPU = Release|Any CPU
	EndGlobalSection
	GlobalSection(ProjectConfigurationPlatforms) = postSolution
		{CA0C2159-472A-45A0-B110-36F5C3F57A7B}.Debug|Any CPU.ActiveCfg = Debug|Any CPU
		{CA0C2159-472A-45A0-B110-36F5C3F57A7B}.Debug|Any CPU.Build.0 = Debug|Any CPU
		{CA0C2159-472A-45A0-B110-36F5C3F57A7B}.Release|Any CPU.ActiveCfg = Release|Any CPU
		{CA0C2159-472A-45A0-B110-36F5C3F57A7B}.Release|Any CPU.Build.0 = Release|Any CPU
	EndGlobalSection
	GlobalSection(SolutionProperties) = preSolution
		HideSolutionNode = FALSE
	EndGlobalSection
	GlobalSection(ExtensibilityGlobals) = postSolution
		SolutionGuid = {F0B177E3-EA6C-4E54-B2BC-03D8BC859AC7}
	EndGlobalSection
EndGlobal
